{
  "lockfileVersion": 1,
  "workspaces": {
    "": {
      "name": "pacman",
      "devDependencies": {
        "@logtape/logtape": "^0.8.0",
        "ts-pattern": "^5.5.0",
      },
    },
  },
  "packages": {
    "@logtape/logtape": ["@logtape/logtape@0.8.2", "", {}, "sha512-KikaMHi64p0BHYrYOE2Lom4dOE3R8PGT+21QJ5Ql/SWy0CNOp69dkAlG9RXzENQ6PAMWtiU+4kelJYNvfUvHOQ=="],

    "ts-pattern": ["ts-pattern@5.9.0", "", {}, "sha512-6s5V71mX8qBUmlgbrfL33xDUwO0fq48rxAu2LBE11WBeGdpCPOsXksQbZJHvHwhrd3QjUusd3mAOM5Gg0mFBLg=="],
  }
}
